
Microsoft Visual Studio Solution File, Format Version 12.00
# Visual Studio Version 16
VisualStudioVersion = 16.0.31515.178
MinimumVisualStudioVersion = 10.0.40219.1
Project("{9A19103F-16F7-4668-BE54-9A1E7A4F7556}") = "TruthOrLie", "TruthOrLie.csproj", "{D829378A-2F9C-45FA-8706-7ED80ABA2D44}"
EndProject
Global
	GlobalSection(SolutionConfigurationPlatforms) = preSolution
		Debug|Any CPU = Debug|Any CPU
		Release|Any CPU = Release|Any CPU
	EndGlobalSection
	GlobalSection(ProjectConfigurationPlatforms) = postSolution
		{D829378A-2F9C-45FA-8706-7ED80ABA2D44}.Debug|Any CPU.ActiveCfg = Debug|Any CPU
		{D829378A-2F9C-45FA-8706-7ED80ABA2D44}.Debug|Any CPU.Build.0 = Debug|Any CPU
		{D829378A-2F9C-45FA-8706-7ED80ABA2D44}.Release|Any CPU.ActiveCfg = Release|Any CPU
		{D829378A-2F9C-45FA-8706-7ED80ABA2D44}.Release|Any CPU.Build.0 = Release|Any CPU
	EndGlobalSection
	GlobalSection(SolutionProperties) = preSolution
		HideSolutionNode = FALSE
	EndGlobalSection
	GlobalSection(ExtensibilityGlobals) = postSolution
		SolutionGuid = {7F663CB8-AB82-4A1E-91DB-79974AD347BE}
	EndGlobalSection
EndGlobal
